
Microsoft Visual Studio Solution File, Format Version 11.00
# Visual Studio 2010
Project("{FAE04EC0-301F-11D3-BF4B-00C04F79EFBC}") = "Assembly-CSharp", "Assembly-CSharp.csproj", "{5E9A39A0-0F1F-4CF4-3441-D49B6323594F}"
EndProject
Global
	GlobalSection(SolutionConfigurationPlatforms) = preSolution
		Debug|Any CPU = Debug|Any CPU
		Release|Any CPU = Release|Any CPU
	EndGlobalSection
	GlobalSection(ProjectConfigurationPlatforms) = postSolution
		{5E9A39A0-0F1F-4CF4-3441-D49B6323594F}.Debug|Any CPU.ActiveCfg = Debug|Any CPU
		{5E9A39A0-0F1F-4CF4-3441-D49B6323594F}.Debug|Any CPU.Build.0 = Debug|Any CPU
		{5E9A39A0-0F1F-4CF4-3441-D49B6323594F}.Release|Any CPU.ActiveCfg = Release|Any CPU
		{5E9A39A0-0F1F-4CF4-3441-D49B6323594F}.Release|Any CPU.Build.0 = Release|Any CPU
	EndGlobalSection
	GlobalSection(SolutionProperties) = preSolution
		HideSolutionNode = FALSE
	EndGlobalSection
EndGlobal
